
Microsoft Visual Studio Solution File, Format Version 12.00
# Visual Studio Version 17
VisualStudioVersion = 17.5.002.0
MinimumVisualStudioVersion = 10.0.40219.1
Project("{9A19103F-16F7-4668-BE54-9A1E7A4F7556}") = "QuartzDotNet.Tutorial", "QuartzDotNet.Tutorial\QuartzDotNet.Tutorial.csproj", "{D9ACC45E-8121-4441-BAC9-DA2FC25DFB7E}"
EndProject
Global
	GlobalSection(SolutionConfigurationPlatforms) = preSolution
		Debug|Any CPU = Debug|Any CPU
		Release|Any CPU = Release|Any CPU
	EndGlobalSection
	GlobalSection(ProjectConfigurationPlatforms) = postSolution
		{D9ACC45E-8121-4441-BAC9-DA2FC25DFB7E}.Debug|Any CPU.ActiveCfg = Debug|Any CPU
		{D9ACC45E-8121-4441-BAC9-DA2FC25DFB7E}.Debug|Any CPU.Build.0 = Debug|Any CPU
		{D9ACC45E-8121-4441-BAC9-DA2FC25DFB7E}.Release|Any CPU.ActiveCfg = Release|Any CPU
		{D9ACC45E-8121-4441-BAC9-DA2FC25DFB7E}.Release|Any CPU.Build.0 = Release|Any CPU
	EndGlobalSection
	GlobalSection(SolutionProperties) = preSolution
		HideSolutionNode = FALSE
	EndGlobalSection
	GlobalSection(ExtensibilityGlobals) = postSolution
		SolutionGuid = {EC9D43F4-8DA5-4F3D-9AF5-973DE6E1F94F}
	EndGlobalSection
EndGlobal
